
Microsoft Visual Studio Solution File, Format Version 12.00
# Visual Studio 15
VisualStudioVersion = 15.0.26228.4
MinimumVisualStudioVersion = 10.0.40219.1
Project("{FAE04EC0-301F-11D3-BF4B-00C04F79EFBC}") = "Gen", "..\Gen\Gen\Gen.csproj", "{7C9A59A4-AE9A-4710-B3E4-CEBD724DBA6A}"
EndProject
Project("{FAE04EC0-301F-11D3-BF4B-00C04F79EFBC}") = "DapperTest", "..\DapperTest\DapperTest\DapperTest.csproj", "{627EFB39-6E7F-4762-A495-3072A3D8250C}"
EndProject
Project("{FAE04EC0-301F-11D3-BF4B-00C04F79EFBC}") = "MLP", "MLP\MLP.csproj", "{4AAF8636-F9BE-4130-ABEE-906546ACD865}"
EndProject
Project("{FAE04EC0-301F-11D3-BF4B-00C04F79EFBC}") = "AleaClasTest", "AleaClasTest\AleaClasTest.csproj", "{C69180C9-F91A-4452-81D5-C1B964C9FD16}"
EndProject
Global
	GlobalSection(SolutionConfigurationPlatforms) = preSolution
		Debug|Any CPU = Debug|Any CPU
		Release|Any CPU = Release|Any CPU
	EndGlobalSection
	GlobalSection(ProjectConfigurationPlatforms) = postSolution
		{7C9A59A4-AE9A-4710-B3E4-CEBD724DBA6A}.Debug|Any CPU.ActiveCfg = Debug|Any CPU
		{7C9A59A4-AE9A-4710-B3E4-CEBD724DBA6A}.Debug|Any CPU.Build.0 = Debug|Any CPU
		{7C9A59A4-AE9A-4710-B3E4-CEBD724DBA6A}.Release|Any CPU.ActiveCfg = Release|Any CPU
		{7C9A59A4-AE9A-4710-B3E4-CEBD724DBA6A}.Release|Any CPU.Build.0 = Release|Any CPU
		{627EFB39-6E7F-4762-A495-3072A3D8250C}.Debug|Any CPU.ActiveCfg = Debug|Any CPU
		{627EFB39-6E7F-4762-A495-3072A3D8250C}.Debug|Any CPU.Build.0 = Debug|Any CPU
		{627EFB39-6E7F-4762-A495-3072A3D8250C}.Release|Any CPU.ActiveCfg = Release|Any CPU
		{627EFB39-6E7F-4762-A495-3072A3D8250C}.Release|Any CPU.Build.0 = Release|Any CPU
		{4AAF8636-F9BE-4130-ABEE-906546ACD865}.Debug|Any CPU.ActiveCfg = Debug|Any CPU
		{4AAF8636-F9BE-4130-ABEE-906546ACD865}.Debug|Any CPU.Build.0 = Debug|Any CPU
		{4AAF8636-F9BE-4130-ABEE-906546ACD865}.Release|Any CPU.ActiveCfg = Release|Any CPU
		{4AAF8636-F9BE-4130-ABEE-906546ACD865}.Release|Any CPU.Build.0 = Release|Any CPU
		{C69180C9-F91A-4452-81D5-C1B964C9FD16}.Debug|Any CPU.ActiveCfg = Debug|Any CPU
		{C69180C9-F91A-4452-81D5-C1B964C9FD16}.Debug|Any CPU.Build.0 = Debug|Any CPU
		{C69180C9-F91A-4452-81D5-C1B964C9FD16}.Release|Any CPU.ActiveCfg = Release|Any CPU
		{C69180C9-F91A-4452-81D5-C1B964C9FD16}.Release|Any CPU.Build.0 = Release|Any CPU
	EndGlobalSection
	GlobalSection(SolutionProperties) = preSolution
		HideSolutionNode = FALSE
	EndGlobalSection
EndGlobal
