
Microsoft Visual Studio Solution File, Format Version 12.00
# Visual Studio 15
VisualStudioVersion = 15.0.26228.4
MinimumVisualStudioVersion = 10.0.40219.1
Project("{FAE04EC0-301F-11D3-BF4B-00C04F79EFBC}") = "Zaj0_pn", "Zaj0_pn\Zaj0_pn.csproj", "{539F43C8-5568-4B18-B286-0D8C0A89D6BD}"
EndProject
Project("{FAE04EC0-301F-11D3-BF4B-00C04F79EFBC}") = "Zaj1_pn", "Zaj1_pn\Zaj1_pn.csproj", "{944BA64A-B25E-4B36-8D4A-AC404B318424}"
EndProject
Project("{FAE04EC0-301F-11D3-BF4B-00C04F79EFBC}") = "EventsDal", "EventsDal\EventsDal.csproj", "{D2F2AC53-A67C-4D6E-BB3A-09B70C17A49D}"
EndProject
Global
	GlobalSection(SolutionConfigurationPlatforms) = preSolution
		Debug|Any CPU = Debug|Any CPU
		Release|Any CPU = Release|Any CPU
	EndGlobalSection
	GlobalSection(ProjectConfigurationPlatforms) = postSolution
		{539F43C8-5568-4B18-B286-0D8C0A89D6BD}.Debug|Any CPU.ActiveCfg = Debug|Any CPU
		{539F43C8-5568-4B18-B286-0D8C0A89D6BD}.Debug|Any CPU.Build.0 = Debug|Any CPU
		{539F43C8-5568-4B18-B286-0D8C0A89D6BD}.Release|Any CPU.ActiveCfg = Release|Any CPU
		{539F43C8-5568-4B18-B286-0D8C0A89D6BD}.Release|Any CPU.Build.0 = Release|Any CPU
		{944BA64A-B25E-4B36-8D4A-AC404B318424}.Debug|Any CPU.ActiveCfg = Debug|Any CPU
		{944BA64A-B25E-4B36-8D4A-AC404B318424}.Debug|Any CPU.Build.0 = Debug|Any CPU
		{944BA64A-B25E-4B36-8D4A-AC404B318424}.Release|Any CPU.ActiveCfg = Release|Any CPU
		{944BA64A-B25E-4B36-8D4A-AC404B318424}.Release|Any CPU.Build.0 = Release|Any CPU
		{D2F2AC53-A67C-4D6E-BB3A-09B70C17A49D}.Debug|Any CPU.ActiveCfg = Debug|Any CPU
		{D2F2AC53-A67C-4D6E-BB3A-09B70C17A49D}.Debug|Any CPU.Build.0 = Debug|Any CPU
		{D2F2AC53-A67C-4D6E-BB3A-09B70C17A49D}.Release|Any CPU.ActiveCfg = Release|Any CPU
		{D2F2AC53-A67C-4D6E-BB3A-09B70C17A49D}.Release|Any CPU.Build.0 = Release|Any CPU
	EndGlobalSection
	GlobalSection(SolutionProperties) = preSolution
		HideSolutionNode = FALSE
	EndGlobalSection
EndGlobal
